<?xml version="1.0" encoding="UTF-8"?>
<CodeBlocks_project_file>
	<FileVersion major="1" minor="6"/>
	<Project>
		<Option title="AMM_Modules"/>
		<Option makefile_is_custom="1"/>
		<Option compiler="gcc"/>
		<Option virtualFolders="CMake Files\;CMake Files\support\;CMake Files\support\cmake\;"/>
		<Build>
			<Target title="all">
				<Option working_dir="/var/workspace/Vcom3D/AMM/AMM_Github/DDS/AMM_Modules"/>
				<Option type="4"/>
				<MakeCommands>
					<Build command="/usr/bin/make -j2 -f &quot;/var/workspace/Vcom3D/AMM/AMM_Github/DDS/AMM_Modules/Makefile&quot;  VERBOSE=1 all"/>
					<CompileFile command="/usr/bin/make -j2 -f &quot;/var/workspace/Vcom3D/AMM/AMM_Github/DDS/AMM_Modules/Makefile&quot;  VERBOSE=1 &quot;$file&quot;"/>
					<Clean command="/usr/bin/make -j2 -f &quot;/var/workspace/Vcom3D/AMM/AMM_Github/DDS/AMM_Modules/Makefile&quot;  VERBOSE=1 clean"/>
					<DistClean command="/usr/bin/make -j2 -f &quot;/var/workspace/Vcom3D/AMM/AMM_Github/DDS/AMM_Modules/Makefile&quot;  VERBOSE=1 clean"/>
				</MakeCommands>
			</Target>
			<Target title="rebuild_cache">
				<Option working_dir="/var/workspace/Vcom3D/AMM/AMM_Github/DDS/AMM_Modules"/>
				<Option type="4"/>
				<MakeCommands>
					<Build command="/usr/bin/make -j2 -f &quot;/var/workspace/Vcom3D/AMM/AMM_Github/DDS/AMM_Modules/Makefile&quot;  VERBOSE=1 rebuild_cache"/>
					<CompileFile command="/usr/bin/make -j2 -f &quot;/var/workspace/Vcom3D/AMM/AMM_Github/DDS/AMM_Modules/Makefile&quot;  VERBOSE=1 &quot;$file&quot;"/>
					<Clean command="/usr/bin/make -j2 -f &quot;/var/workspace/Vcom3D/AMM/AMM_Github/DDS/AMM_Modules/Makefile&quot;  VERBOSE=1 clean"/>
					<DistClean command="/usr/bin/make -j2 -f &quot;/var/workspace/Vcom3D/AMM/AMM_Github/DDS/AMM_Modules/Makefile&quot;  VERBOSE=1 clean"/>
				</MakeCommands>
			</Target>
			<Target title="amm_rest_adapter">
				<Option output="/var/workspace/Vcom3D/AMM/AMM_Github/DDS/AMM_Modules/bin/amm_rest_adapter" prefix_auto="0" extension_auto="0"/>
				<Option working_dir="/var/workspace/Vcom3D/AMM/AMM_Github/DDS/AMM_Modules/bin/"/>
				<Option object_output="./"/>
				<Option type="1"/>
				<Option compiler="gcc"/>
				<Compiler>
					<Add directory="/var/workspace/Vcom3D/AMM/AMM_Github/DDS/AMM_Modules"/>
					<Add directory="/var/workspace/Vcom3D/AMM/AMM_Github/DDS/AMM_Modules/src"/>
					<Add directory="/var/workspace/Vcom3D/AMM/AMM_Github/DDS/AMM_Modules/src/AMM"/>
					<Add directory="/var/workspace/Vcom3D/AMM/AMM_Github/DDS/AMM_Modules/gen"/>
					<Add directory="/usr/local/physiology/library/include"/>
					<Add directory="/usr/local/physiology/library/include/bind"/>
					<Add directory="/usr/local/physiology/library/include/cdm"/>
					<Add directory="/usr/local/physiology/library/include/Eigen"/>
					<Add directory="/usr/local/opensplice/include/dcps/C++/isocpp"/>
					<Add directory="/usr/local/opensplice/include"/>
					<Add directory="/usr/local/opensplice/include/sys"/>
					<Add directory="/usr/local/opensplice/include/dcps/C++/SACPP"/>
					<Add directory="/usr/include/c++/6"/>
					<Add directory="/usr/include/x86_64-linux-gnu/c++/6"/>
					<Add directory="/usr/include/c++/6/backward"/>
					<Add directory="/usr/lib/gcc/x86_64-linux-gnu/6/include"/>
					<Add directory="/usr/local/include"/>
					<Add directory="/usr/lib/gcc/x86_64-linux-gnu/6/include-fixed"/>
					<Add directory="/usr/include/x86_64-linux-gnu"/>
					<Add directory="/usr/include"/>
				</Compiler>
				<MakeCommands>
					<Build command="/usr/bin/make -j2 -f &quot;/var/workspace/Vcom3D/AMM/AMM_Github/DDS/AMM_Modules/Makefile&quot;  VERBOSE=1 amm_rest_adapter"/>
					<CompileFile command="/usr/bin/make -j2 -f &quot;/var/workspace/Vcom3D/AMM/AMM_Github/DDS/AMM_Modules/Makefile&quot;  VERBOSE=1 &quot;$file&quot;"/>
					<Clean command="/usr/bin/make -j2 -f &quot;/var/workspace/Vcom3D/AMM/AMM_Github/DDS/AMM_Modules/Makefile&quot;  VERBOSE=1 clean"/>
					<DistClean command="/usr/bin/make -j2 -f &quot;/var/workspace/Vcom3D/AMM/AMM_Github/DDS/AMM_Modules/Makefile&quot;  VERBOSE=1 clean"/>
				</MakeCommands>
			</Target>
			<Target title="amm_rest_adapter/fast">
				<Option output="/var/workspace/Vcom3D/AMM/AMM_Github/DDS/AMM_Modules/bin/amm_rest_adapter" prefix_auto="0" extension_auto="0"/>
				<Option working_dir="/var/workspace/Vcom3D/AMM/AMM_Github/DDS/AMM_Modules/bin/"/>
				<Option object_output="./"/>
				<Option type="1"/>
				<Option compiler="gcc"/>
				<Compiler>
					<Add directory="/var/workspace/Vcom3D/AMM/AMM_Github/DDS/AMM_Modules"/>
					<Add directory="/var/workspace/Vcom3D/AMM/AMM_Github/DDS/AMM_Modules/src"/>
					<Add directory="/var/workspace/Vcom3D/AMM/AMM_Github/DDS/AMM_Modules/src/AMM"/>
					<Add directory="/var/workspace/Vcom3D/AMM/AMM_Github/DDS/AMM_Modules/gen"/>
					<Add directory="/usr/local/physiology/library/include"/>
					<Add directory="/usr/local/physiology/library/include/bind"/>
					<Add directory="/usr/local/physiology/library/include/cdm"/>
					<Add directory="/usr/local/physiology/library/include/Eigen"/>
					<Add directory="/usr/local/opensplice/include/dcps/C++/isocpp"/>
					<Add directory="/usr/local/opensplice/include"/>
					<Add directory="/usr/local/opensplice/include/sys"/>
					<Add directory="/usr/local/opensplice/include/dcps/C++/SACPP"/>
					<Add directory="/usr/include/c++/6"/>
					<Add directory="/usr/include/x86_64-linux-gnu/c++/6"/>
					<Add directory="/usr/include/c++/6/backward"/>
					<Add directory="/usr/lib/gcc/x86_64-linux-gnu/6/include"/>
					<Add directory="/usr/local/include"/>
					<Add directory="/usr/lib/gcc/x86_64-linux-gnu/6/include-fixed"/>
					<Add directory="/usr/include/x86_64-linux-gnu"/>
					<Add directory="/usr/include"/>
				</Compiler>
				<MakeCommands>
					<Build command="/usr/bin/make -j2 -f &quot;/var/workspace/Vcom3D/AMM/AMM_Github/DDS/AMM_Modules/Makefile&quot;  VERBOSE=1 amm_rest_adapter/fast"/>
					<CompileFile command="/usr/bin/make -j2 -f &quot;/var/workspace/Vcom3D/AMM/AMM_Github/DDS/AMM_Modules/Makefile&quot;  VERBOSE=1 &quot;$file&quot;"/>
					<Clean command="/usr/bin/make -j2 -f &quot;/var/workspace/Vcom3D/AMM/AMM_Github/DDS/AMM_Modules/Makefile&quot;  VERBOSE=1 clean"/>
					<DistClean command="/usr/bin/make -j2 -f &quot;/var/workspace/Vcom3D/AMM/AMM_Github/DDS/AMM_Modules/Makefile&quot;  VERBOSE=1 clean"/>
				</MakeCommands>
			</Target>
			<Target title="edit_cache">
				<Option working_dir="/var/workspace/Vcom3D/AMM/AMM_Github/DDS/AMM_Modules"/>
				<Option type="4"/>
				<MakeCommands>
					<Build command="/usr/bin/make -j2 -f &quot;/var/workspace/Vcom3D/AMM/AMM_Github/DDS/AMM_Modules/Makefile&quot;  VERBOSE=1 edit_cache"/>
					<CompileFile command="/usr/bin/make -j2 -f &quot;/var/workspace/Vcom3D/AMM/AMM_Github/DDS/AMM_Modules/Makefile&quot;  VERBOSE=1 &quot;$file&quot;"/>
					<Clean command="/usr/bin/make -j2 -f &quot;/var/workspace/Vcom3D/AMM/AMM_Github/DDS/AMM_Modules/Makefile&quot;  VERBOSE=1 clean"/>
					<DistClean command="/usr/bin/make -j2 -f &quot;/var/workspace/Vcom3D/AMM/AMM_Github/DDS/AMM_Modules/Makefile&quot;  VERBOSE=1 clean"/>
				</MakeCommands>
			</Target>
			<Target title="amm_virtual_equipment">
				<Option output="/var/workspace/Vcom3D/AMM/AMM_Github/DDS/AMM_Modules/bin/amm_virtual_equipment" prefix_auto="0" extension_auto="0"/>
				<Option working_dir="/var/workspace/Vcom3D/AMM/AMM_Github/DDS/AMM_Modules/bin/"/>
				<Option object_output="./"/>
				<Option type="1"/>
				<Option compiler="gcc"/>
				<Compiler>
					<Add directory="/var/workspace/Vcom3D/AMM/AMM_Github/DDS/AMM_Modules"/>
					<Add directory="/var/workspace/Vcom3D/AMM/AMM_Github/DDS/AMM_Modules/src"/>
					<Add directory="/var/workspace/Vcom3D/AMM/AMM_Github/DDS/AMM_Modules/src/AMM"/>
					<Add directory="/var/workspace/Vcom3D/AMM/AMM_Github/DDS/AMM_Modules/gen"/>
					<Add directory="/usr/local/physiology/library/include"/>
					<Add directory="/usr/local/physiology/library/include/bind"/>
					<Add directory="/usr/local/physiology/library/include/cdm"/>
					<Add directory="/usr/local/physiology/library/include/Eigen"/>
					<Add directory="/usr/local/opensplice/include/dcps/C++/isocpp"/>
					<Add directory="/usr/local/opensplice/include"/>
					<Add directory="/usr/local/opensplice/include/sys"/>
					<Add directory="/usr/local/opensplice/include/dcps/C++/SACPP"/>
					<Add directory="/usr/include/c++/6"/>
					<Add directory="/usr/include/x86_64-linux-gnu/c++/6"/>
					<Add directory="/usr/include/c++/6/backward"/>
					<Add directory="/usr/lib/gcc/x86_64-linux-gnu/6/include"/>
					<Add directory="/usr/local/include"/>
					<Add directory="/usr/lib/gcc/x86_64-linux-gnu/6/include-fixed"/>
					<Add directory="/usr/include/x86_64-linux-gnu"/>
					<Add directory="/usr/include"/>
				</Compiler>
				<MakeCommands>
					<Build command="/usr/bin/make -j2 -f &quot;/var/workspace/Vcom3D/AMM/AMM_Github/DDS/AMM_Modules/Makefile&quot;  VERBOSE=1 amm_virtual_equipment"/>
					<CompileFile command="/usr/bin/make -j2 -f &quot;/var/workspace/Vcom3D/AMM/AMM_Github/DDS/AMM_Modules/Makefile&quot;  VERBOSE=1 &quot;$file&quot;"/>
					<Clean command="/usr/bin/make -j2 -f &quot;/var/workspace/Vcom3D/AMM/AMM_Github/DDS/AMM_Modules/Makefile&quot;  VERBOSE=1 clean"/>
					<DistClean command="/usr/bin/make -j2 -f &quot;/var/workspace/Vcom3D/AMM/AMM_Github/DDS/AMM_Modules/Makefile&quot;  VERBOSE=1 clean"/>
				</MakeCommands>
			</Target>
			<Target title="amm_virtual_equipment/fast">
				<Option output="/var/workspace/Vcom3D/AMM/AMM_Github/DDS/AMM_Modules/bin/amm_virtual_equipment" prefix_auto="0" extension_auto="0"/>
				<Option working_dir="/var/workspace/Vcom3D/AMM/AMM_Github/DDS/AMM_Modules/bin/"/>
				<Option object_output="./"/>
				<Option type="1"/>
				<Option compiler="gcc"/>
				<Compiler>
					<Add directory="/var/workspace/Vcom3D/AMM/AMM_Github/DDS/AMM_Modules"/>
					<Add directory="/var/workspace/Vcom3D/AMM/AMM_Github/DDS/AMM_Modules/src"/>
					<Add directory="/var/workspace/Vcom3D/AMM/AMM_Github/DDS/AMM_Modules/src/AMM"/>
					<Add directory="/var/workspace/Vcom3D/AMM/AMM_Github/DDS/AMM_Modules/gen"/>
					<Add directory="/usr/local/physiology/library/include"/>
					<Add directory="/usr/local/physiology/library/include/bind"/>
					<Add directory="/usr/local/physiology/library/include/cdm"/>
					<Add directory="/usr/local/physiology/library/include/Eigen"/>
					<Add directory="/usr/local/opensplice/include/dcps/C++/isocpp"/>
					<Add directory="/usr/local/opensplice/include"/>
					<Add directory="/usr/local/opensplice/include/sys"/>
					<Add directory="/usr/local/opensplice/include/dcps/C++/SACPP"/>
					<Add directory="/usr/include/c++/6"/>
					<Add directory="/usr/include/x86_64-linux-gnu/c++/6"/>
					<Add directory="/usr/include/c++/6/backward"/>
					<Add directory="/usr/lib/gcc/x86_64-linux-gnu/6/include"/>
					<Add directory="/usr/local/include"/>
					<Add directory="/usr/lib/gcc/x86_64-linux-gnu/6/include-fixed"/>
					<Add directory="/usr/include/x86_64-linux-gnu"/>
					<Add directory="/usr/include"/>
				</Compiler>
				<MakeCommands>
					<Build command="/usr/bin/make -j2 -f &quot;/var/workspace/Vcom3D/AMM/AMM_Github/DDS/AMM_Modules/Makefile&quot;  VERBOSE=1 amm_virtual_equipment/fast"/>
					<CompileFile command="/usr/bin/make -j2 -f &quot;/var/workspace/Vcom3D/AMM/AMM_Github/DDS/AMM_Modules/Makefile&quot;  VERBOSE=1 &quot;$file&quot;"/>
					<Clean command="/usr/bin/make -j2 -f &quot;/var/workspace/Vcom3D/AMM/AMM_Github/DDS/AMM_Modules/Makefile&quot;  VERBOSE=1 clean"/>
					<DistClean command="/usr/bin/make -j2 -f &quot;/var/workspace/Vcom3D/AMM/AMM_Github/DDS/AMM_Modules/Makefile&quot;  VERBOSE=1 clean"/>
				</MakeCommands>
			</Target>
			<Target title="amm_heartrate_led">
				<Option output="/var/workspace/Vcom3D/AMM/AMM_Github/DDS/AMM_Modules/bin/amm_heartrate_led" prefix_auto="0" extension_auto="0"/>
				<Option working_dir="/var/workspace/Vcom3D/AMM/AMM_Github/DDS/AMM_Modules/bin/"/>
				<Option object_output="./"/>
				<Option type="1"/>
				<Option compiler="gcc"/>
				<Compiler>
					<Add directory="/var/workspace/Vcom3D/AMM/AMM_Github/DDS/AMM_Modules"/>
					<Add directory="/var/workspace/Vcom3D/AMM/AMM_Github/DDS/AMM_Modules/src"/>
					<Add directory="/var/workspace/Vcom3D/AMM/AMM_Github/DDS/AMM_Modules/src/AMM"/>
					<Add directory="/var/workspace/Vcom3D/AMM/AMM_Github/DDS/AMM_Modules/gen"/>
					<Add directory="/usr/local/physiology/library/include"/>
					<Add directory="/usr/local/physiology/library/include/bind"/>
					<Add directory="/usr/local/physiology/library/include/cdm"/>
					<Add directory="/usr/local/physiology/library/include/Eigen"/>
					<Add directory="/usr/local/opensplice/include/dcps/C++/isocpp"/>
					<Add directory="/usr/local/opensplice/include"/>
					<Add directory="/usr/local/opensplice/include/sys"/>
					<Add directory="/usr/local/opensplice/include/dcps/C++/SACPP"/>
					<Add directory="/usr/include/c++/6"/>
					<Add directory="/usr/include/x86_64-linux-gnu/c++/6"/>
					<Add directory="/usr/include/c++/6/backward"/>
					<Add directory="/usr/lib/gcc/x86_64-linux-gnu/6/include"/>
					<Add directory="/usr/local/include"/>
					<Add directory="/usr/lib/gcc/x86_64-linux-gnu/6/include-fixed"/>
					<Add directory="/usr/include/x86_64-linux-gnu"/>
					<Add directory="/usr/include"/>
				</Compiler>
				<MakeCommands>
					<Build command="/usr/bin/make -j2 -f &quot;/var/workspace/Vcom3D/AMM/AMM_Github/DDS/AMM_Modules/Makefile&quot;  VERBOSE=1 amm_heartrate_led"/>
					<CompileFile command="/usr/bin/make -j2 -f &quot;/var/workspace/Vcom3D/AMM/AMM_Github/DDS/AMM_Modules/Makefile&quot;  VERBOSE=1 &quot;$file&quot;"/>
					<Clean command="/usr/bin/make -j2 -f &quot;/var/workspace/Vcom3D/AMM/AMM_Github/DDS/AMM_Modules/Makefile&quot;  VERBOSE=1 clean"/>
					<DistClean command="/usr/bin/make -j2 -f &quot;/var/workspace/Vcom3D/AMM/AMM_Github/DDS/AMM_Modules/Makefile&quot;  VERBOSE=1 clean"/>
				</MakeCommands>
			</Target>
			<Target title="amm_heartrate_led/fast">
				<Option output="/var/workspace/Vcom3D/AMM/AMM_Github/DDS/AMM_Modules/bin/amm_heartrate_led" prefix_auto="0" extension_auto="0"/>
				<Option working_dir="/var/workspace/Vcom3D/AMM/AMM_Github/DDS/AMM_Modules/bin/"/>
				<Option object_output="./"/>
				<Option type="1"/>
				<Option compiler="gcc"/>
				<Compiler>
					<Add directory="/var/workspace/Vcom3D/AMM/AMM_Github/DDS/AMM_Modules"/>
					<Add directory="/var/workspace/Vcom3D/AMM/AMM_Github/DDS/AMM_Modules/src"/>
					<Add directory="/var/workspace/Vcom3D/AMM/AMM_Github/DDS/AMM_Modules/src/AMM"/>
					<Add directory="/var/workspace/Vcom3D/AMM/AMM_Github/DDS/AMM_Modules/gen"/>
					<Add directory="/usr/local/physiology/library/include"/>
					<Add directory="/usr/local/physiology/library/include/bind"/>
					<Add directory="/usr/local/physiology/library/include/cdm"/>
					<Add directory="/usr/local/physiology/library/include/Eigen"/>
					<Add directory="/usr/local/opensplice/include/dcps/C++/isocpp"/>
					<Add directory="/usr/local/opensplice/include"/>
					<Add directory="/usr/local/opensplice/include/sys"/>
					<Add directory="/usr/local/opensplice/include/dcps/C++/SACPP"/>
					<Add directory="/usr/include/c++/6"/>
					<Add directory="/usr/include/x86_64-linux-gnu/c++/6"/>
					<Add directory="/usr/include/c++/6/backward"/>
					<Add directory="/usr/lib/gcc/x86_64-linux-gnu/6/include"/>
					<Add directory="/usr/local/include"/>
					<Add directory="/usr/lib/gcc/x86_64-linux-gnu/6/include-fixed"/>
					<Add directory="/usr/include/x86_64-linux-gnu"/>
					<Add directory="/usr/include"/>
				</Compiler>
				<MakeCommands>
					<Build command="/usr/bin/make -j2 -f &quot;/var/workspace/Vcom3D/AMM/AMM_Github/DDS/AMM_Modules/Makefile&quot;  VERBOSE=1 amm_heartrate_led/fast"/>
					<CompileFile command="/usr/bin/make -j2 -f &quot;/var/workspace/Vcom3D/AMM/AMM_Github/DDS/AMM_Modules/Makefile&quot;  VERBOSE=1 &quot;$file&quot;"/>
					<Clean command="/usr/bin/make -j2 -f &quot;/var/workspace/Vcom3D/AMM/AMM_Github/DDS/AMM_Modules/Makefile&quot;  VERBOSE=1 clean"/>
					<DistClean command="/usr/bin/make -j2 -f &quot;/var/workspace/Vcom3D/AMM/AMM_Github/DDS/AMM_Modules/Makefile&quot;  VERBOSE=1 clean"/>
				</MakeCommands>
			</Target>
			<Target title="amm_physiology_manager">
				<Option output="/var/workspace/Vcom3D/AMM/AMM_Github/DDS/AMM_Modules/bin/amm_physiology_manager" prefix_auto="0" extension_auto="0"/>
				<Option working_dir="/var/workspace/Vcom3D/AMM/AMM_Github/DDS/AMM_Modules/bin/"/>
				<Option object_output="./"/>
				<Option type="1"/>
				<Option compiler="gcc"/>
				<Compiler>
					<Add directory="/var/workspace/Vcom3D/AMM/AMM_Github/DDS/AMM_Modules"/>
					<Add directory="/var/workspace/Vcom3D/AMM/AMM_Github/DDS/AMM_Modules/src"/>
					<Add directory="/var/workspace/Vcom3D/AMM/AMM_Github/DDS/AMM_Modules/src/AMM"/>
					<Add directory="/var/workspace/Vcom3D/AMM/AMM_Github/DDS/AMM_Modules/gen"/>
					<Add directory="/usr/local/physiology/library/include"/>
					<Add directory="/usr/local/physiology/library/include/bind"/>
					<Add directory="/usr/local/physiology/library/include/cdm"/>
					<Add directory="/usr/local/physiology/library/include/Eigen"/>
					<Add directory="/usr/local/opensplice/include/dcps/C++/isocpp"/>
					<Add directory="/usr/local/opensplice/include"/>
					<Add directory="/usr/local/opensplice/include/sys"/>
					<Add directory="/usr/local/opensplice/include/dcps/C++/SACPP"/>
					<Add directory="/usr/include/c++/6"/>
					<Add directory="/usr/include/x86_64-linux-gnu/c++/6"/>
					<Add directory="/usr/include/c++/6/backward"/>
					<Add directory="/usr/lib/gcc/x86_64-linux-gnu/6/include"/>
					<Add directory="/usr/local/include"/>
					<Add directory="/usr/lib/gcc/x86_64-linux-gnu/6/include-fixed"/>
					<Add directory="/usr/include/x86_64-linux-gnu"/>
					<Add directory="/usr/include"/>
				</Compiler>
				<MakeCommands>
					<Build command="/usr/bin/make -j2 -f &quot;/var/workspace/Vcom3D/AMM/AMM_Github/DDS/AMM_Modules/Makefile&quot;  VERBOSE=1 amm_physiology_manager"/>
					<CompileFile command="/usr/bin/make -j2 -f &quot;/var/workspace/Vcom3D/AMM/AMM_Github/DDS/AMM_Modules/Makefile&quot;  VERBOSE=1 &quot;$file&quot;"/>
					<Clean command="/usr/bin/make -j2 -f &quot;/var/workspace/Vcom3D/AMM/AMM_Github/DDS/AMM_Modules/Makefile&quot;  VERBOSE=1 clean"/>
					<DistClean command="/usr/bin/make -j2 -f &quot;/var/workspace/Vcom3D/AMM/AMM_Github/DDS/AMM_Modules/Makefile&quot;  VERBOSE=1 clean"/>
				</MakeCommands>
			</Target>
			<Target title="amm_physiology_manager/fast">
				<Option output="/var/workspace/Vcom3D/AMM/AMM_Github/DDS/AMM_Modules/bin/amm_physiology_manager" prefix_auto="0" extension_auto="0"/>
				<Option working_dir="/var/workspace/Vcom3D/AMM/AMM_Github/DDS/AMM_Modules/bin/"/>
				<Option object_output="./"/>
				<Option type="1"/>
				<Option compiler="gcc"/>
				<Compiler>
					<Add directory="/var/workspace/Vcom3D/AMM/AMM_Github/DDS/AMM_Modules"/>
					<Add directory="/var/workspace/Vcom3D/AMM/AMM_Github/DDS/AMM_Modules/src"/>
					<Add directory="/var/workspace/Vcom3D/AMM/AMM_Github/DDS/AMM_Modules/src/AMM"/>
					<Add directory="/var/workspace/Vcom3D/AMM/AMM_Github/DDS/AMM_Modules/gen"/>
					<Add directory="/usr/local/physiology/library/include"/>
					<Add directory="/usr/local/physiology/library/include/bind"/>
					<Add directory="/usr/local/physiology/library/include/cdm"/>
					<Add directory="/usr/local/physiology/library/include/Eigen"/>
					<Add directory="/usr/local/opensplice/include/dcps/C++/isocpp"/>
					<Add directory="/usr/local/opensplice/include"/>
					<Add directory="/usr/local/opensplice/include/sys"/>
					<Add directory="/usr/local/opensplice/include/dcps/C++/SACPP"/>
					<Add directory="/usr/include/c++/6"/>
					<Add directory="/usr/include/x86_64-linux-gnu/c++/6"/>
					<Add directory="/usr/include/c++/6/backward"/>
					<Add directory="/usr/lib/gcc/x86_64-linux-gnu/6/include"/>
					<Add directory="/usr/local/include"/>
					<Add directory="/usr/lib/gcc/x86_64-linux-gnu/6/include-fixed"/>
					<Add directory="/usr/include/x86_64-linux-gnu"/>
					<Add directory="/usr/include"/>
				</Compiler>
				<MakeCommands>
					<Build command="/usr/bin/make -j2 -f &quot;/var/workspace/Vcom3D/AMM/AMM_Github/DDS/AMM_Modules/Makefile&quot;  VERBOSE=1 amm_physiology_manager/fast"/>
					<CompileFile command="/usr/bin/make -j2 -f &quot;/var/workspace/Vcom3D/AMM/AMM_Github/DDS/AMM_Modules/Makefile&quot;  VERBOSE=1 &quot;$file&quot;"/>
					<Clean command="/usr/bin/make -j2 -f &quot;/var/workspace/Vcom3D/AMM/AMM_Github/DDS/AMM_Modules/Makefile&quot;  VERBOSE=1 clean"/>
					<DistClean command="/usr/bin/make -j2 -f &quot;/var/workspace/Vcom3D/AMM/AMM_Github/DDS/AMM_Modules/Makefile&quot;  VERBOSE=1 clean"/>
				</MakeCommands>
			</Target>
			<Target title="amm_types">
				<Option output="/var/workspace/Vcom3D/AMM/AMM_Github/DDS/AMM_Modules/bin/libamm_types.so" prefix_auto="0" extension_auto="0"/>
				<Option working_dir="/var/workspace/Vcom3D/AMM/AMM_Github/DDS/AMM_Modules"/>
				<Option object_output="./"/>
				<Option type="3"/>
				<Option compiler="gcc"/>
				<Compiler>
					<Add directory="/var/workspace/Vcom3D/AMM/AMM_Github/DDS/AMM_Modules"/>
					<Add directory="/var/workspace/Vcom3D/AMM/AMM_Github/DDS/AMM_Modules/src"/>
					<Add directory="/var/workspace/Vcom3D/AMM/AMM_Github/DDS/AMM_Modules/src/AMM"/>
					<Add directory="/var/workspace/Vcom3D/AMM/AMM_Github/DDS/AMM_Modules/gen"/>
					<Add directory="/usr/local/physiology/library/include"/>
					<Add directory="/usr/local/physiology/library/include/bind"/>
					<Add directory="/usr/local/physiology/library/include/cdm"/>
					<Add directory="/usr/local/physiology/library/include/Eigen"/>
					<Add directory="/usr/local/opensplice/include/dcps/C++/isocpp"/>
					<Add directory="/usr/local/opensplice/include"/>
					<Add directory="/usr/local/opensplice/include/sys"/>
					<Add directory="/usr/local/opensplice/include/dcps/C++/SACPP"/>
					<Add directory="/usr/include/c++/6"/>
					<Add directory="/usr/include/x86_64-linux-gnu/c++/6"/>
					<Add directory="/usr/include/c++/6/backward"/>
					<Add directory="/usr/lib/gcc/x86_64-linux-gnu/6/include"/>
					<Add directory="/usr/local/include"/>
					<Add directory="/usr/lib/gcc/x86_64-linux-gnu/6/include-fixed"/>
					<Add directory="/usr/include/x86_64-linux-gnu"/>
					<Add directory="/usr/include"/>
				</Compiler>
				<MakeCommands>
					<Build command="/usr/bin/make -j2 -f &quot;/var/workspace/Vcom3D/AMM/AMM_Github/DDS/AMM_Modules/Makefile&quot;  VERBOSE=1 amm_types"/>
					<CompileFile command="/usr/bin/make -j2 -f &quot;/var/workspace/Vcom3D/AMM/AMM_Github/DDS/AMM_Modules/Makefile&quot;  VERBOSE=1 &quot;$file&quot;"/>
					<Clean command="/usr/bin/make -j2 -f &quot;/var/workspace/Vcom3D/AMM/AMM_Github/DDS/AMM_Modules/Makefile&quot;  VERBOSE=1 clean"/>
					<DistClean command="/usr/bin/make -j2 -f &quot;/var/workspace/Vcom3D/AMM/AMM_Github/DDS/AMM_Modules/Makefile&quot;  VERBOSE=1 clean"/>
				</MakeCommands>
			</Target>
			<Target title="amm_types/fast">
				<Option output="/var/workspace/Vcom3D/AMM/AMM_Github/DDS/AMM_Modules/bin/libamm_types.so" prefix_auto="0" extension_auto="0"/>
				<Option working_dir="/var/workspace/Vcom3D/AMM/AMM_Github/DDS/AMM_Modules"/>
				<Option object_output="./"/>
				<Option type="3"/>
				<Option compiler="gcc"/>
				<Compiler>
					<Add directory="/var/workspace/Vcom3D/AMM/AMM_Github/DDS/AMM_Modules"/>
					<Add directory="/var/workspace/Vcom3D/AMM/AMM_Github/DDS/AMM_Modules/src"/>
					<Add directory="/var/workspace/Vcom3D/AMM/AMM_Github/DDS/AMM_Modules/src/AMM"/>
					<Add directory="/var/workspace/Vcom3D/AMM/AMM_Github/DDS/AMM_Modules/gen"/>
					<Add directory="/usr/local/physiology/library/include"/>
					<Add directory="/usr/local/physiology/library/include/bind"/>
					<Add directory="/usr/local/physiology/library/include/cdm"/>
					<Add directory="/usr/local/physiology/library/include/Eigen"/>
					<Add directory="/usr/local/opensplice/include/dcps/C++/isocpp"/>
					<Add directory="/usr/local/opensplice/include"/>
					<Add directory="/usr/local/opensplice/include/sys"/>
					<Add directory="/usr/local/opensplice/include/dcps/C++/SACPP"/>
					<Add directory="/usr/include/c++/6"/>
					<Add directory="/usr/include/x86_64-linux-gnu/c++/6"/>
					<Add directory="/usr/include/c++/6/backward"/>
					<Add directory="/usr/lib/gcc/x86_64-linux-gnu/6/include"/>
					<Add directory="/usr/local/include"/>
					<Add directory="/usr/lib/gcc/x86_64-linux-gnu/6/include-fixed"/>
					<Add directory="/usr/include/x86_64-linux-gnu"/>
					<Add directory="/usr/include"/>
				</Compiler>
				<MakeCommands>
					<Build command="/usr/bin/make -j2 -f &quot;/var/workspace/Vcom3D/AMM/AMM_Github/DDS/AMM_Modules/Makefile&quot;  VERBOSE=1 amm_types/fast"/>
					<CompileFile command="/usr/bin/make -j2 -f &quot;/var/workspace/Vcom3D/AMM/AMM_Github/DDS/AMM_Modules/Makefile&quot;  VERBOSE=1 &quot;$file&quot;"/>
					<Clean command="/usr/bin/make -j2 -f &quot;/var/workspace/Vcom3D/AMM/AMM_Github/DDS/AMM_Modules/Makefile&quot;  VERBOSE=1 clean"/>
					<DistClean command="/usr/bin/make -j2 -f &quot;/var/workspace/Vcom3D/AMM/AMM_Github/DDS/AMM_Modules/Makefile&quot;  VERBOSE=1 clean"/>
				</MakeCommands>
			</Target>
			<Target title="amm_command_executor">
				<Option output="/var/workspace/Vcom3D/AMM/AMM_Github/DDS/AMM_Modules/bin/amm_command_executor" prefix_auto="0" extension_auto="0"/>
				<Option working_dir="/var/workspace/Vcom3D/AMM/AMM_Github/DDS/AMM_Modules/bin/"/>
				<Option object_output="./"/>
				<Option type="1"/>
				<Option compiler="gcc"/>
				<Compiler>
					<Add directory="/var/workspace/Vcom3D/AMM/AMM_Github/DDS/AMM_Modules"/>
					<Add directory="/var/workspace/Vcom3D/AMM/AMM_Github/DDS/AMM_Modules/src"/>
					<Add directory="/var/workspace/Vcom3D/AMM/AMM_Github/DDS/AMM_Modules/src/AMM"/>
					<Add directory="/var/workspace/Vcom3D/AMM/AMM_Github/DDS/AMM_Modules/gen"/>
					<Add directory="/usr/local/physiology/library/include"/>
					<Add directory="/usr/local/physiology/library/include/bind"/>
					<Add directory="/usr/local/physiology/library/include/cdm"/>
					<Add directory="/usr/local/physiology/library/include/Eigen"/>
					<Add directory="/usr/local/opensplice/include/dcps/C++/isocpp"/>
					<Add directory="/usr/local/opensplice/include"/>
					<Add directory="/usr/local/opensplice/include/sys"/>
					<Add directory="/usr/local/opensplice/include/dcps/C++/SACPP"/>
					<Add directory="/usr/include/c++/6"/>
					<Add directory="/usr/include/x86_64-linux-gnu/c++/6"/>
					<Add directory="/usr/include/c++/6/backward"/>
					<Add directory="/usr/lib/gcc/x86_64-linux-gnu/6/include"/>
					<Add directory="/usr/local/include"/>
					<Add directory="/usr/lib/gcc/x86_64-linux-gnu/6/include-fixed"/>
					<Add directory="/usr/include/x86_64-linux-gnu"/>
					<Add directory="/usr/include"/>
				</Compiler>
				<MakeCommands>
					<Build command="/usr/bin/make -j2 -f &quot;/var/workspace/Vcom3D/AMM/AMM_Github/DDS/AMM_Modules/Makefile&quot;  VERBOSE=1 amm_command_executor"/>
					<CompileFile command="/usr/bin/make -j2 -f &quot;/var/workspace/Vcom3D/AMM/AMM_Github/DDS/AMM_Modules/Makefile&quot;  VERBOSE=1 &quot;$file&quot;"/>
					<Clean command="/usr/bin/make -j2 -f &quot;/var/workspace/Vcom3D/AMM/AMM_Github/DDS/AMM_Modules/Makefile&quot;  VERBOSE=1 clean"/>
					<DistClean command="/usr/bin/make -j2 -f &quot;/var/workspace/Vcom3D/AMM/AMM_Github/DDS/AMM_Modules/Makefile&quot;  VERBOSE=1 clean"/>
				</MakeCommands>
			</Target>
			<Target title="amm_command_executor/fast">
				<Option output="/var/workspace/Vcom3D/AMM/AMM_Github/DDS/AMM_Modules/bin/amm_command_executor" prefix_auto="0" extension_auto="0"/>
				<Option working_dir="/var/workspace/Vcom3D/AMM/AMM_Github/DDS/AMM_Modules/bin/"/>
				<Option object_output="./"/>
				<Option type="1"/>
				<Option compiler="gcc"/>
				<Compiler>
					<Add directory="/var/workspace/Vcom3D/AMM/AMM_Github/DDS/AMM_Modules"/>
					<Add directory="/var/workspace/Vcom3D/AMM/AMM_Github/DDS/AMM_Modules/src"/>
					<Add directory="/var/workspace/Vcom3D/AMM/AMM_Github/DDS/AMM_Modules/src/AMM"/>
					<Add directory="/var/workspace/Vcom3D/AMM/AMM_Github/DDS/AMM_Modules/gen"/>
					<Add directory="/usr/local/physiology/library/include"/>
					<Add directory="/usr/local/physiology/library/include/bind"/>
					<Add directory="/usr/local/physiology/library/include/cdm"/>
					<Add directory="/usr/local/physiology/library/include/Eigen"/>
					<Add directory="/usr/local/opensplice/include/dcps/C++/isocpp"/>
					<Add directory="/usr/local/opensplice/include"/>
					<Add directory="/usr/local/opensplice/include/sys"/>
					<Add directory="/usr/local/opensplice/include/dcps/C++/SACPP"/>
					<Add directory="/usr/include/c++/6"/>
					<Add directory="/usr/include/x86_64-linux-gnu/c++/6"/>
					<Add directory="/usr/include/c++/6/backward"/>
					<Add directory="/usr/lib/gcc/x86_64-linux-gnu/6/include"/>
					<Add directory="/usr/local/include"/>
					<Add directory="/usr/lib/gcc/x86_64-linux-gnu/6/include-fixed"/>
					<Add directory="/usr/include/x86_64-linux-gnu"/>
					<Add directory="/usr/include"/>
				</Compiler>
				<MakeCommands>
					<Build command="/usr/bin/make -j2 -f &quot;/var/workspace/Vcom3D/AMM/AMM_Github/DDS/AMM_Modules/Makefile&quot;  VERBOSE=1 amm_command_executor/fast"/>
					<CompileFile command="/usr/bin/make -j2 -f &quot;/var/workspace/Vcom3D/AMM/AMM_Github/DDS/AMM_Modules/Makefile&quot;  VERBOSE=1 &quot;$file&quot;"/>
					<Clean command="/usr/bin/make -j2 -f &quot;/var/workspace/Vcom3D/AMM/AMM_Github/DDS/AMM_Modules/Makefile&quot;  VERBOSE=1 clean"/>
					<DistClean command="/usr/bin/make -j2 -f &quot;/var/workspace/Vcom3D/AMM/AMM_Github/DDS/AMM_Modules/Makefile&quot;  VERBOSE=1 clean"/>
				</MakeCommands>
			</Target>
			<Target title="amm_sim_manager">
				<Option output="/var/workspace/Vcom3D/AMM/AMM_Github/DDS/AMM_Modules/bin/amm_sim_manager" prefix_auto="0" extension_auto="0"/>
				<Option working_dir="/var/workspace/Vcom3D/AMM/AMM_Github/DDS/AMM_Modules/bin/"/>
				<Option object_output="./"/>
				<Option type="1"/>
				<Option compiler="gcc"/>
				<Compiler>
					<Add directory="/var/workspace/Vcom3D/AMM/AMM_Github/DDS/AMM_Modules"/>
					<Add directory="/var/workspace/Vcom3D/AMM/AMM_Github/DDS/AMM_Modules/src"/>
					<Add directory="/var/workspace/Vcom3D/AMM/AMM_Github/DDS/AMM_Modules/src/AMM"/>
					<Add directory="/var/workspace/Vcom3D/AMM/AMM_Github/DDS/AMM_Modules/gen"/>
					<Add directory="/usr/local/physiology/library/include"/>
					<Add directory="/usr/local/physiology/library/include/bind"/>
					<Add directory="/usr/local/physiology/library/include/cdm"/>
					<Add directory="/usr/local/physiology/library/include/Eigen"/>
					<Add directory="/usr/local/opensplice/include/dcps/C++/isocpp"/>
					<Add directory="/usr/local/opensplice/include"/>
					<Add directory="/usr/local/opensplice/include/sys"/>
					<Add directory="/usr/local/opensplice/include/dcps/C++/SACPP"/>
					<Add directory="/usr/include/c++/6"/>
					<Add directory="/usr/include/x86_64-linux-gnu/c++/6"/>
					<Add directory="/usr/include/c++/6/backward"/>
					<Add directory="/usr/lib/gcc/x86_64-linux-gnu/6/include"/>
					<Add directory="/usr/local/include"/>
					<Add directory="/usr/lib/gcc/x86_64-linux-gnu/6/include-fixed"/>
					<Add directory="/usr/include/x86_64-linux-gnu"/>
					<Add directory="/usr/include"/>
				</Compiler>
				<MakeCommands>
					<Build command="/usr/bin/make -j2 -f &quot;/var/workspace/Vcom3D/AMM/AMM_Github/DDS/AMM_Modules/Makefile&quot;  VERBOSE=1 amm_sim_manager"/>
					<CompileFile command="/usr/bin/make -j2 -f &quot;/var/workspace/Vcom3D/AMM/AMM_Github/DDS/AMM_Modules/Makefile&quot;  VERBOSE=1 &quot;$file&quot;"/>
					<Clean command="/usr/bin/make -j2 -f &quot;/var/workspace/Vcom3D/AMM/AMM_Github/DDS/AMM_Modules/Makefile&quot;  VERBOSE=1 clean"/>
					<DistClean command="/usr/bin/make -j2 -f &quot;/var/workspace/Vcom3D/AMM/AMM_Github/DDS/AMM_Modules/Makefile&quot;  VERBOSE=1 clean"/>
				</MakeCommands>
			</Target>
			<Target title="amm_sim_manager/fast">
				<Option output="/var/workspace/Vcom3D/AMM/AMM_Github/DDS/AMM_Modules/bin/amm_sim_manager" prefix_auto="0" extension_auto="0"/>
				<Option working_dir="/var/workspace/Vcom3D/AMM/AMM_Github/DDS/AMM_Modules/bin/"/>
				<Option object_output="./"/>
				<Option type="1"/>
				<Option compiler="gcc"/>
				<Compiler>
					<Add directory="/var/workspace/Vcom3D/AMM/AMM_Github/DDS/AMM_Modules"/>
					<Add directory="/var/workspace/Vcom3D/AMM/AMM_Github/DDS/AMM_Modules/src"/>
					<Add directory="/var/workspace/Vcom3D/AMM/AMM_Github/DDS/AMM_Modules/src/AMM"/>
					<Add directory="/var/workspace/Vcom3D/AMM/AMM_Github/DDS/AMM_Modules/gen"/>
					<Add directory="/usr/local/physiology/library/include"/>
					<Add directory="/usr/local/physiology/library/include/bind"/>
					<Add directory="/usr/local/physiology/library/include/cdm"/>
					<Add directory="/usr/local/physiology/library/include/Eigen"/>
					<Add directory="/usr/local/opensplice/include/dcps/C++/isocpp"/>
					<Add directory="/usr/local/opensplice/include"/>
					<Add directory="/usr/local/opensplice/include/sys"/>
					<Add directory="/usr/local/opensplice/include/dcps/C++/SACPP"/>
					<Add directory="/usr/include/c++/6"/>
					<Add directory="/usr/include/x86_64-linux-gnu/c++/6"/>
					<Add directory="/usr/include/c++/6/backward"/>
					<Add directory="/usr/lib/gcc/x86_64-linux-gnu/6/include"/>
					<Add directory="/usr/local/include"/>
					<Add directory="/usr/lib/gcc/x86_64-linux-gnu/6/include-fixed"/>
					<Add directory="/usr/include/x86_64-linux-gnu"/>
					<Add directory="/usr/include"/>
				</Compiler>
				<MakeCommands>
					<Build command="/usr/bin/make -j2 -f &quot;/var/workspace/Vcom3D/AMM/AMM_Github/DDS/AMM_Modules/Makefile&quot;  VERBOSE=1 amm_sim_manager/fast"/>
					<CompileFile command="/usr/bin/make -j2 -f &quot;/var/workspace/Vcom3D/AMM/AMM_Github/DDS/AMM_Modules/Makefile&quot;  VERBOSE=1 &quot;$file&quot;"/>
					<Clean command="/usr/bin/make -j2 -f &quot;/var/workspace/Vcom3D/AMM/AMM_Github/DDS/AMM_Modules/Makefile&quot;  VERBOSE=1 clean"/>
					<DistClean command="/usr/bin/make -j2 -f &quot;/var/workspace/Vcom3D/AMM/AMM_Github/DDS/AMM_Modules/Makefile&quot;  VERBOSE=1 clean"/>
				</MakeCommands>
			</Target>
		</Build>
		<Unit filename="/var/workspace/Vcom3D/AMM/AMM_Github/DDS/AMM_Modules/gen/AMM.cpp">
			<Option target="amm_types"/>
		</Unit>
		<Unit filename="/var/workspace/Vcom3D/AMM/AMM_Github/DDS/AMM_Modules/gen/AMM.cpp.rule">
			<Option target="amm_types"/>
		</Unit>
		<Unit filename="/var/workspace/Vcom3D/AMM/AMM_Github/DDS/AMM_Modules/gen/AMM.h">
			<Option target="amm_types"/>
		</Unit>
		<Unit filename="/var/workspace/Vcom3D/AMM/AMM_Github/DDS/AMM_Modules/gen/AMMDcps.cpp">
			<Option target="amm_types"/>
		</Unit>
		<Unit filename="/var/workspace/Vcom3D/AMM/AMM_Github/DDS/AMM_Modules/gen/AMMDcps.h">
			<Option target="amm_types"/>
		</Unit>
		<Unit filename="/var/workspace/Vcom3D/AMM/AMM_Github/DDS/AMM_Modules/gen/AMMDcps_impl.cpp">
			<Option target="amm_types"/>
		</Unit>
		<Unit filename="/var/workspace/Vcom3D/AMM/AMM_Github/DDS/AMM_Modules/gen/AMMDcps_impl.h">
			<Option target="amm_types"/>
		</Unit>
		<Unit filename="/var/workspace/Vcom3D/AMM/AMM_Github/DDS/AMM_Modules/gen/AMMSplDcps.cpp">
			<Option target="amm_types"/>
		</Unit>
		<Unit filename="/var/workspace/Vcom3D/AMM/AMM_Github/DDS/AMM_Modules/gen/AMMSplDcps.h">
			<Option target="amm_types"/>
		</Unit>
		<Unit filename="/var/workspace/Vcom3D/AMM/AMM_Github/DDS/AMM_Modules/gen/ccpp_AMM.h">
			<Option target="amm_types"/>
		</Unit>
		<Unit filename="/var/workspace/Vcom3D/AMM/AMM_Github/DDS/AMM_Modules/src/AMM/BioGearsThread.cpp">
			<Option target="amm_physiology_manager"/>
		</Unit>
		<Unit filename="/var/workspace/Vcom3D/AMM/AMM_Github/DDS/AMM_Modules/src/AMM/BioGearsThread.h">
			<Option target="amm_physiology_manager"/>
		</Unit>
		<Unit filename="/var/workspace/Vcom3D/AMM/AMM_Github/DDS/AMM_Modules/src/AMM/CheckStatus.cpp">
			<Option target="amm_rest_adapter"/>
			<Option target="amm_virtual_equipment"/>
			<Option target="amm_heartrate_led"/>
			<Option target="amm_physiology_manager"/>
			<Option target="amm_command_executor"/>
			<Option target="amm_sim_manager"/>
		</Unit>
		<Unit filename="/var/workspace/Vcom3D/AMM/AMM_Github/DDS/AMM_Modules/src/AMM/CheckStatus.h">
			<Option target="amm_rest_adapter"/>
			<Option target="amm_virtual_equipment"/>
			<Option target="amm_heartrate_led"/>
			<Option target="amm_physiology_manager"/>
			<Option target="amm_command_executor"/>
			<Option target="amm_sim_manager"/>
		</Unit>
		<Unit filename="/var/workspace/Vcom3D/AMM/AMM_Github/DDS/AMM_Modules/src/AMM/DDSEntityManager.cpp">
			<Option target="amm_rest_adapter"/>
			<Option target="amm_virtual_equipment"/>
			<Option target="amm_heartrate_led"/>
			<Option target="amm_physiology_manager"/>
			<Option target="amm_command_executor"/>
			<Option target="amm_sim_manager"/>
		</Unit>
		<Unit filename="/var/workspace/Vcom3D/AMM/AMM_Github/DDS/AMM_Modules/src/AMM/DDSEntityManager.h">
			<Option target="amm_rest_adapter"/>
			<Option target="amm_virtual_equipment"/>
			<Option target="amm_heartrate_led"/>
			<Option target="amm_physiology_manager"/>
			<Option target="amm_command_executor"/>
			<Option target="amm_sim_manager"/>
		</Unit>
		<Unit filename="/var/workspace/Vcom3D/AMM/AMM_Github/DDS/AMM_Modules/src/AMM/PhysiologyEngineManager.cpp">
			<Option target="amm_physiology_manager"/>
		</Unit>
		<Unit filename="/var/workspace/Vcom3D/AMM/AMM_Github/DDS/AMM_Modules/src/AMM/PhysiologyEngineManager.h">
			<Option target="amm_physiology_manager"/>
		</Unit>
		<Unit filename="/var/workspace/Vcom3D/AMM/AMM_Github/DDS/AMM_Modules/src/AMM/SimulationManager.cpp">
			<Option target="amm_sim_manager"/>
		</Unit>
		<Unit filename="/var/workspace/Vcom3D/AMM/AMM_Github/DDS/AMM_Modules/src/AMM/SimulationManager.h">
			<Option target="amm_sim_manager"/>
		</Unit>
		<Unit filename="/var/workspace/Vcom3D/AMM/AMM_Github/DDS/AMM_Modules/src/CommandExecutor.cpp">
			<Option target="amm_command_executor"/>
		</Unit>
		<Unit filename="/var/workspace/Vcom3D/AMM/AMM_Github/DDS/AMM_Modules/src/HeartRateLED.cpp">
			<Option target="amm_heartrate_led"/>
		</Unit>
		<Unit filename="/var/workspace/Vcom3D/AMM/AMM_Github/DDS/AMM_Modules/src/PhysiologyManager.cpp">
			<Option target="amm_physiology_manager"/>
		</Unit>
		<Unit filename="/var/workspace/Vcom3D/AMM/AMM_Github/DDS/AMM_Modules/src/REST_Adapter.cpp">
			<Option target="amm_rest_adapter"/>
		</Unit>
		<Unit filename="/var/workspace/Vcom3D/AMM/AMM_Github/DDS/AMM_Modules/src/SimManager.cpp">
			<Option target="amm_sim_manager"/>
		</Unit>
		<Unit filename="/var/workspace/Vcom3D/AMM/AMM_Github/DDS/AMM_Modules/src/VirtualEquipment.cpp">
			<Option target="amm_virtual_equipment"/>
		</Unit>
		<Unit filename="/var/workspace/Vcom3D/AMM/AMM_Github/DDS/AMM_Modules/CMakeLists.txt">
			<Option virtualFolder="CMake Files\"/>
		</Unit>
		<Unit filename="/var/workspace/Vcom3D/AMM/AMM_Github/DDS/AMM_Modules/support/BioGearsConfiguration.xml">
			<Option virtualFolder="CMake Files\support\"/>
		</Unit>
		<Unit filename="/var/workspace/Vcom3D/AMM/AMM_Github/DDS/AMM_Modules/support/log4j.properties">
			<Option virtualFolder="CMake Files\support\"/>
		</Unit>
		<Unit filename="/var/workspace/Vcom3D/AMM/AMM_Github/DDS/AMM_Modules/support/ospl.xml">
			<Option virtualFolder="CMake Files\support\"/>
		</Unit>
		<Unit filename="/var/workspace/Vcom3D/AMM/AMM_Github/DDS/AMM_Modules/support/release.sh">
			<Option virtualFolder="CMake Files\support\"/>
		</Unit>
		<Unit filename="/var/workspace/Vcom3D/AMM/AMM_Github/DDS/AMM_Modules/support/cmake/osmacros.cmake">
			<Option virtualFolder="CMake Files\support\cmake\"/>
		</Unit>
		<Unit filename="/var/workspace/Vcom3D/AMM/AMM_Github/DDS/AMM_Modules/support/cmake/MacroOpenSplice.cmake">
			<Option virtualFolder="CMake Files\support\cmake\"/>
		</Unit>
		<Unit filename="/var/workspace/Vcom3D/AMM/AMM_Github/DDS/AMM_Modules/support/cmake/FindOpenSplice.cmake">
			<Option virtualFolder="CMake Files\support\cmake\"/>
		</Unit>
		<Unit filename="/var/workspace/Vcom3D/AMM/AMM_Github/DDS/AMM_Modules/support/cmake/MacroOpenSplice.cmake">
			<Option virtualFolder="CMake Files\support\cmake\"/>
		</Unit>
		<Unit filename="/var/workspace/Vcom3D/AMM/AMM_Github/DDS/AMM_Modules/support/cmake/FindBioGears.cmake">
			<Option virtualFolder="CMake Files\support\cmake\"/>
		</Unit>
		<Unit filename="/var/workspace/Vcom3D/AMM/AMM_Github/DDS/AMM_Modules/support/cmake/FindRapidJSON.cmake">
			<Option virtualFolder="CMake Files\support\cmake\"/>
		</Unit>
		<Unit filename="/var/workspace/Vcom3D/AMM/AMM_Github/DDS/AMM_Modules/support/cmake/FindPistache.cmake">
			<Option virtualFolder="CMake Files\support\cmake\"/>
		</Unit>
	</Project>
</CodeBlocks_project_file>
